
Microsoft Visual Studio Solution File, Format Version 12.00
# Visual Studio Version 17
VisualStudioVersion = 17.0.31919.166
MinimumVisualStudioVersion = 10.0.40219.1
Project("{FAE04EC0-301F-11D3-BF4B-00C04F79EFBC}") = "Individual_ilgizovicg", "Individual_ilgizovicg.csproj", "{5541FD28-2C54-407C-A4A5-2DE78BE6041D}"
EndProject
Global
	GlobalSection(SolutionConfigurationPlatforms) = preSolution
		Debug|Any CPU = Debug|Any CPU
		Release|Any CPU = Release|Any CPU
	EndGlobalSection
	GlobalSection(ProjectConfigurationPlatforms) = postSolution
		{5541FD28-2C54-407C-A4A5-2DE78BE6041D}.Debug|Any CPU.ActiveCfg = Debug|Any CPU
		{5541FD28-2C54-407C-A4A5-2DE78BE6041D}.Debug|Any CPU.Build.0 = Debug|Any CPU
		{5541FD28-2C54-407C-A4A5-2DE78BE6041D}.Release|Any CPU.ActiveCfg = Release|Any CPU
		{5541FD28-2C54-407C-A4A5-2DE78BE6041D}.Release|Any CPU.Build.0 = Release|Any CPU
	EndGlobalSection
	GlobalSection(SolutionProperties) = preSolution
		HideSolutionNode = FALSE
	EndGlobalSection
	GlobalSection(ExtensibilityGlobals) = postSolution
		SolutionGuid = {B4FBF590-8FB9-45E2-9968-BCF31771FB39}
	EndGlobalSection
EndGlobal
